
Microsoft Visual Studio Solution File, Format Version 12.00
# Visual Studio Version 16
VisualStudioVersion = 16.0.31424.327
MinimumVisualStudioVersion = 10.0.40219.1
Project("{FAE04EC0-301F-11D3-BF4B-00C04F79EFBC}") = "Calculator", "Calculator\Calculator.csproj", "{5C5548BB-AD1F-4B09-83D0-EE2B165DB701}"
EndProject
Global
	GlobalSection(SolutionConfigurationPlatforms) = preSolution
		Debug|Any CPU = Debug|Any CPU
		Release|Any CPU = Release|Any CPU
	EndGlobalSection
	GlobalSection(ProjectConfigurationPlatforms) = postSolution
		{5C5548BB-AD1F-4B09-83D0-EE2B165DB701}.Debug|Any CPU.ActiveCfg = Debug|Any CPU
		{5C5548BB-AD1F-4B09-83D0-EE2B165DB701}.Debug|Any CPU.Build.0 = Debug|Any CPU
		{5C5548BB-AD1F-4B09-83D0-EE2B165DB701}.Release|Any CPU.ActiveCfg = Release|Any CPU
		{5C5548BB-AD1F-4B09-83D0-EE2B165DB701}.Release|Any CPU.Build.0 = Release|Any CPU
	EndGlobalSection
	GlobalSection(SolutionProperties) = preSolution
		HideSolutionNode = FALSE
	EndGlobalSection
	GlobalSection(ExtensibilityGlobals) = postSolution
		SolutionGuid = {6EC6A0CB-3453-47BF-839C-74088F2D290E}
	EndGlobalSection
EndGlobal
